
Microsoft Visual Studio Solution File, Format Version 12.00
# Visual Studio 14
VisualStudioVersion = 14.0.25420.1
MinimumVisualStudioVersion = 10.0.40219.1
Project("{2150E333-8FDC-42A3-9474-1A3956D46DE8}") = "src", "src", "{82CAB9ED-E8AA-4D18-8774-ADBC8421461F}"
EndProject
Project("{2150E333-8FDC-42A3-9474-1A3956D46DE8}") = "Solution Items", "Solution Items", "{ED1FA977-FF9E-44E3-874E-35D198B008FD}"
	ProjectSection(SolutionItems) = preProject
		global.json = global.json
	EndProjectSection
EndProject
Project("{8BB2217D-0F2D-49D1-97BC-3654ED321F3B}") = "MediaLibrary", "src\MediaLibrary\MediaLibrary.xproj", "{324ACAEF-5708-4B3E-9BCE-BAFA95E71CE8}"
EndProject
Global
	GlobalSection(SolutionConfigurationPlatforms) = preSolution
		Debug|Any CPU = Debug|Any CPU
		Release|Any CPU = Release|Any CPU
	EndGlobalSection
	GlobalSection(ProjectConfigurationPlatforms) = postSolution
		{324ACAEF-5708-4B3E-9BCE-BAFA95E71CE8}.Debug|Any CPU.ActiveCfg = Debug|Any CPU
		{324ACAEF-5708-4B3E-9BCE-BAFA95E71CE8}.Debug|Any CPU.Build.0 = Debug|Any CPU
		{324ACAEF-5708-4B3E-9BCE-BAFA95E71CE8}.Release|Any CPU.ActiveCfg = Release|Any CPU
		{324ACAEF-5708-4B3E-9BCE-BAFA95E71CE8}.Release|Any CPU.Build.0 = Release|Any CPU
	EndGlobalSection
	GlobalSection(SolutionProperties) = preSolution
		HideSolutionNode = FALSE
	EndGlobalSection
	GlobalSection(NestedProjects) = preSolution
		{324ACAEF-5708-4B3E-9BCE-BAFA95E71CE8} = {82CAB9ED-E8AA-4D18-8774-ADBC8421461F}
	EndGlobalSection
EndGlobal
